{
  "version": "3",
  "remote": {
    "https://deno.land/std@0.150.0/media_types/_util.ts": "ce9b4fc4ba1c447dafab619055e20fd88236ca6bdd7834a21f98bd193c3fbfa1",
    "https://deno.land/std@0.150.0/media_types/mod.ts": "2d4b6f32a087029272dc59e0a55ae3cc4d1b27b794ccf528e94b1925795b3118",
    "https://deno.land/std@0.150.0/media_types/vendor/mime-db.v1.52.0.ts": "724cee25fa40f1a52d3937d6b4fbbfdd7791ff55e1b7ac08d9319d5632c7f5af",
    "https://deno.land/x/xhr@0.3.0/mod.ts": "094aacd627fd9635cd942053bf8032b5223b909858fa9dc8ffa583752ff63b20",
    "https://esm.sh/@supabase/supabase-js@2.21.0": "f869e843669596679bf74d52b0488429f67e109f1bb848d9eb984a8f39548e5c",
    "https://esm.sh/ai@2.2.13": "d158fde055f922748da9166eadfc949c6570ff0fa6bcf4a71e43fd7f59dd6dc0",
    "https://esm.sh/common-tags@1.8.2": "6658aa223df8b03ca2c18854541041925e9c474116f62a052271583fc72b1be7",
    "https://esm.sh/openai@4.10.0": "656ca84ac74cc88d4b8aa2e2526ae25aeb22b06372d8cec32e812ee4f9820121",
    "https://esm.sh/v135/@supabase/functions-js@2.1.5/denonext/functions-js.mjs": "739affd2df20c1affd91991c3731c2537d270b82be5cdbd926c43be40eb2fdc5",
    "https://esm.sh/v135/@supabase/functions-js@2.3.1/denonext/functions-js.mjs": "c10a0bbd935fc12cae58918b8e23cb339d54c443983caeb597dd8cd76a76f940",
    "https://esm.sh/v135/@supabase/gotrue-js@2.57.0/denonext/gotrue-js.mjs": "a4e6768643628fc5445683f4f58090ea5b65c51c3abb165dc0a385cf8eae2121",
    "https://esm.sh/v135/@supabase/gotrue-js@2.62.2/denonext/gotrue-js.mjs": "326e26884bb2e359f192078b8c602a2e0acdc754767a274fe1df844319a8d319",
    "https://esm.sh/v135/@supabase/node-fetch@2.6.14/denonext/node-fetch.mjs": "23a71af3512da67a8757ab1e2356fa22565758444ea1fc08e0de0e8d4625e8aa",
    "https://esm.sh/v135/@supabase/node-fetch@2.6.15/denonext/node-fetch.mjs": "efad00ea3d4cbe1bee688836ef75339d49a1981bc5728a13e9ad5f26791d5efb",
    "https://esm.sh/v135/@supabase/postgrest-js@1.15.2/denonext/postgrest-js.mjs": "1d36cf3106c6dd6ce21473b57d88478802ceef6d22e67af1f92c508607302e50",
    "https://esm.sh/v135/@supabase/postgrest-js@1.9.0/denonext/postgrest-js.mjs": "e6239e65dca3c73527af617ee406934dc509a33e4082a9da9c3aa6c430519cdf",
    "https://esm.sh/v135/@supabase/realtime-js@2.8.4/denonext/realtime-js.mjs": "9f8af6f82b095b1b1d336a92c4ff8519a5b7f783a1e09eab005114b983cafd5d",
    "https://esm.sh/v135/@supabase/realtime-js@2.9.4/denonext/realtime-js.mjs": "5a4443e535c1ef8c469c281442a976f47735b3ee378c9e6d8b9a379c56b2f852",
    "https://esm.sh/v135/@supabase/storage-js@2.5.4/denonext/storage-js.mjs": "dff68679fb795ec7e157b8f51cb0b8c544d6c3d57ecc093f5b15eb909439efcd",
    "https://esm.sh/v135/@supabase/storage-js@2.5.5/denonext/storage-js.mjs": "66e29e4e55c7d396503e2d1d9376cfbc34f046b962bce4524c2d80b209fff413",
    "https://esm.sh/v135/@supabase/supabase-js@2.21.0/denonext/supabase-js.mjs": "f6f4cd702a24182735d44a41488adb00333c701164a550635d4b14b10c8c0269",
    "https://esm.sh/v135/ai@2.2.13/denonext/ai.mjs": "34c7caf253410147c8800623debc0064e943bbe63632d7cb49e1fc20ab433ee1",
    "https://esm.sh/v135/bufferutil@4.0.8/denonext/bufferutil.mjs": "60a4618cbd1a5cb24935c55590b793d4ecb33862357d32e1d4614a0bbb90947f",
    "https://esm.sh/v135/common-tags@1.8.2/denonext/common-tags.mjs": "5938099f0dfeea9540d8b855e05edcd3d3524df21354263cbcceba83fabfbbfc",
    "https://esm.sh/v135/cross-fetch@3.1.8/denonext/cross-fetch.mjs": "8fba9e7c3fbaf0d2168beb63ce0cd21b5bfbfbd77e2fcbf8d957d533a71222f6",
    "https://esm.sh/v135/es5-ext@0.10.62/denonext/global.js": "2f51d9acef1f761faaa542da919b3c747744ea29fe709d0a904fd531716a93d6",
    "https://esm.sh/v135/eventsource-parser@1.0.0/denonext/eventsource-parser.mjs": "a9f17b7ee7d1706f078d867de77a947daa0e3582fe668a2abad8d2f650d4b5bb",
    "https://esm.sh/v135/nanoid@3.3.6/denonext/non-secure.js": "9339526d48828770370eba72bf719a40b74de0e1197d8a582c15fbd9ab837d3d",
    "https://esm.sh/v135/node-gyp-build@4.6.1/denonext/node-gyp-build.mjs": "5d28b312f145a6cb2ec0dbdd80a7d34c0e0e6b5dcada65411d8bcff6c8991cc6",
    "https://esm.sh/v135/openai@4.10.0/denonext/_shims.js": "421119f8987f29b0a1f9cbdc025fd674c63eb81426e9a67a83bbcb2e2529e96a",
    "https://esm.sh/v135/openai@4.10.0/denonext/_shims/MultipartBody.js": "f58380a24c31522606c0d6ccb6c17445385495a2741961811de44cd3040361b0",
    "https://esm.sh/v135/openai@4.10.0/denonext/_shims/auto/runtime.js": "4e7ee837c41fbe020dd2b120af245275257a64cd3817087c6069b66a2d2a4331",
    "https://esm.sh/v135/openai@4.10.0/denonext/_shims/registry.js": "1494f6bf42276a7f35e5dad8f2cdc60f318855febee2e3f0c941332530dc1b85",
    "https://esm.sh/v135/openai@4.10.0/denonext/_shims/web-runtime.js": "29a1afd03f38a8f0be9d24a77c4a6ade6bfdcb817c2470ba6feedce6779c1ee7",
    "https://esm.sh/v135/openai@4.10.0/denonext/core.js": "a4911ca8832bb7d80be8f3e4c22bec55f97a4cffa0d81b39014cce8faa609380",
    "https://esm.sh/v135/openai@4.10.0/denonext/error.js": "daf5c089f5963d39362e24d4fc53434ff7ba0814c53d9323362bfc561ca053db",
    "https://esm.sh/v135/openai@4.10.0/denonext/openai.mjs": "7b3feeaecd74f2088a1cf218a9dea9640124468510bf06a1707beb7ecdd4618f",
    "https://esm.sh/v135/openai@4.10.0/denonext/pagination.js": "ec9afb253800ac582396ee21d5db91c4ad9bfb2717f07256498a79fd22b416cb",
    "https://esm.sh/v135/openai@4.10.0/denonext/resource.js": "6ad43f501332c3555837af5100ec8f132e2a72a3975227352f3ede2119943637",
    "https://esm.sh/v135/openai@4.10.0/denonext/resources.js": "1980764fab27acc5f9026a751424c06754bf1adcc7da9a796cfe8f329fb1fdf3",
    "https://esm.sh/v135/openai@4.10.0/denonext/resources/audio.js": "779f603326332d0f47542cda56ba9bddd1ee58e6b0ef5b2669e195efde338397",
    "https://esm.sh/v135/openai@4.10.0/denonext/resources/audio/audio.js": "49feb651da0a992256a22da5e1ae6fe721f3f61db973fe111f28ba105b2c56a5",
    "https://esm.sh/v135/openai@4.10.0/denonext/resources/audio/transcriptions.js": "e5d30596aeb7060aae96f0e3174f05ad2497d219757952893dded37465de4abb",
    "https://esm.sh/v135/openai@4.10.0/denonext/resources/audio/translations.js": "f273cdbf5eca86df536c3ee2e229e23430018f03e07eadc37d1c2abc889be751",
    "https://esm.sh/v135/openai@4.10.0/denonext/resources/chat.js": "e6a12a625454834c11db735d1064fd27639ea490d55551158cf233dfa8cae876",
    "https://esm.sh/v135/openai@4.10.0/denonext/resources/chat/chat.js": "8e83c78cf211c14ab46879ec96ee6e0feb294e9673b64a0d3208e5e7bfd5b9e5",
    "https://esm.sh/v135/openai@4.10.0/denonext/resources/chat/completions.js": "720c0e70da3521f3498e42624500ed1734c49efdc35998c917e5746a6087d700",
    "https://esm.sh/v135/openai@4.10.0/denonext/resources/completions.js": "37e2586d75e2d81dafe39f1840925410cdf151805ec0adf86750e49eb4837870",
    "https://esm.sh/v135/openai@4.10.0/denonext/resources/edits.js": "94c227657a5939e429b3fb984ccdfc658510e6ec2af286ef6e46bec743336700",
    "https://esm.sh/v135/openai@4.10.0/denonext/resources/embeddings.js": "2927af8ab7db5eb733d649f6adb55020e15789657523face2d6b7db5c29c54f0",
    "https://esm.sh/v135/openai@4.10.0/denonext/resources/files.js": "cd3017b6fe8e64648af58b37e4f774e213b8128f24fdb26aeee5a53f8132a31d",
    "https://esm.sh/v135/openai@4.10.0/denonext/resources/fine-tunes.js": "ea5ebee538613f5edd708745eb5d6a96c253ff62fa2deb4126035adcbc5eb65c",
    "https://esm.sh/v135/openai@4.10.0/denonext/resources/fine-tuning.js": "40bfa654306f48e4be9d9622d901a90df8835d0e4dc3fdf310290174f8568205",
    "https://esm.sh/v135/openai@4.10.0/denonext/resources/fine-tuning/fine-tuning.js": "8b9463b85c39f1dbcd89555e6aeb73636be87027fe8452a442779f23adf6ebf6",
    "https://esm.sh/v135/openai@4.10.0/denonext/resources/fine-tuning/jobs.js": "c26c4ba784f70762f2b7704e53b8bba7a449787ad213672c0c9d3353b185dcdc",
    "https://esm.sh/v135/openai@4.10.0/denonext/resources/images.js": "5c83075f29200c2202a978707fe8f1653038f66ef9581678d2801877fc04a2e1",
    "https://esm.sh/v135/openai@4.10.0/denonext/resources/models.js": "552be687687503c879c5cb492f3fa73a09b1937cd1e97ffbe89b6667f1c2f14c",
    "https://esm.sh/v135/openai@4.10.0/denonext/resources/moderations.js": "5d0f893e412ca0463243e26ec30ef3c598ce2ae734246fef075349460a7f6b22",
    "https://esm.sh/v135/openai@4.10.0/denonext/streaming.js": "6970ec53681885d43f707ace727cc0326cabfe3499485b8c5700ca570d7a147b",
    "https://esm.sh/v135/openai@4.10.0/denonext/uploads.js": "666fec586919d1961f3bf27064b79c669b68afdf369fb012e66f8d308910051d",
    "https://esm.sh/v135/openai@4.10.0/denonext/version.js": "3cce281072d62ca4426bd5f9480258d167b5d1d2d2ee51fd16b58eb05b041742",
    "https://esm.sh/v135/utf-8-validate@6.0.3/denonext/utf-8-validate.mjs": "410c48d66840e987e474a4849cd25829817415cedd25466280effb1287d05aa5",
    "https://esm.sh/v135/websocket@1.0.34/denonext/websocket.mjs": "dfe5d62007e9f7430d561e2376fe47caa9d04cb016d83d3386fcc2206a90296b",
    "https://esm.sh/v135/ws@8.16.0/denonext/ws.mjs": "0fa0c00b69577ba36d0a36001329b2cec91498cb2e33e329fc76aa6d51a0d54d"
  },
  "workspace": {
    "packageJson": {
      "dependencies": [
        "npm:@radix-ui/react-slot@^1.0.2",
        "npm:@radix-ui/react-toast@^1.1.5",
        "npm:@supabase/auth-helpers-nextjs@latest",
        "npm:@supabase/supabase-js@latest",
        "npm:@tanstack/react-query@^4.35.7",
        "npm:@types/node@20.3.1",
        "npm:@types/react-dom@18.2.5",
        "npm:@types/react@18.2.12",
        "npm:@types/uuid@^9.0.8",
        "npm:@xenova/transformers@^2.17.2",
        "npm:ai@^2.2.37",
        "npm:autoprefixer@10.4.15",
        "npm:class-variance-authority@^0.7.0",
        "npm:clsx@^2.0.0",
        "npm:encoding@^0.1.13",
        "npm:lucide-react@^0.284.0",
        "npm:next@latest",
        "npm:postcss@8.4.29",
        "npm:react-dom@18.2.0",
        "npm:react@18.2.0",
        "npm:supabase@^1.163.2",
        "npm:tailwind-merge@^1.14.0",
        "npm:tailwindcss-animate@^1.0.7",
        "npm:tailwindcss@3.3.3",
        "npm:three-dots@^0.3.2",
        "npm:typescript@5.1.3",
        "npm:uuid@^9.0.1"
      ]
    }
  }
}
